PODS:
  - OpenTok (2.22.2):
    - VonageWebRTC (= 84.0.20)
  - VonageWebRTC (84.0.20)

DEPENDENCIES:
  - OpenTok (= 2.22.2)

SPEC REPOS:
  trunk:
    - OpenTok
    - VonageWebRTC

SPEC CHECKSUMS:
  OpenTok: 097187cb5a0116431ef5f2fdf5a2b4261bb2be42
  VonageWebRTC: 20e0e56f656ddbf49287cacbd33e69dbbe5736f8

PODFILE CHECKSUM: bde97323b45b4146b93b3b349e5b1b2ab86b8a5f

COCOAPODS: 1.11.3
