PODS:
  - VonageClientSDKVideo (2.31.1)

DEPENDENCIES:
  - VonageClientSDKVideo (= 2.31.1)

SPEC REPOS:
  trunk:
    - VonageClientSDKVideo

SPEC CHECKSUMS:
  VonageClientSDKVideo: 752cf8dbd08a57a9e7fb0080fc26117f4dacfbf8

PODFILE CHECKSUM: a99286f98f1cc326b7586eb4945b25c0aea7b0f2

COCOAPODS: 1.16.2
