PODS:
  - VonageClientSDKVideo (2.29.1)

DEPENDENCIES:
  - VonageClientSDKVideo (= 2.29.1)

SPEC REPOS:
  trunk:
    - VonageClientSDKVideo

SPEC CHECKSUMS:
  VonageClientSDKVideo: d74428e330bd0c903f8055a1e47abeeed35bc078

PODFILE CHECKSUM: 31e2e83a4f4e11a32b6d407716857ec7f6246956

COCOAPODS: 1.16.2
