// !$*UTF8*$!
{
	archiveVersion = 1;
	classes = {
	};
	objectVersion = 46;
	objects = {

/* Begin PBXBuildFile section */
		A3E225EBC6E4542D5EBA45E6 /* libPods-Hello-World.a in Frameworks */ = {isa = PBXBuildFile; fileRef = 179E2D0E3114A2FD89D486AB /* libPods-Hello-World.a */; };
		A5D6F7B41B0FF02800CE1972 /* OTNetworkTest.m in Sources */ = {isa = PBXBuildFile; fileRef = A5D6F7B31B0FF02800CE1972 /* OTNetworkTest.m */; };
		D44260F7185F81D800E23699 /* Foundation.framework in Frameworks */ = {isa = PBXBuildFile; fileRef = D44260F6185F81D800E23699 /* Foundation.framework */; };
		D4426101185F81D800E23699 /* InfoPlist.strings in Resources */ = {isa = PBXBuildFile; fileRef = D44260FF185F81D800E23699 /* InfoPlist.strings */; };
		D4426103185F81D800E23699 /* main.m in Sources */ = {isa = PBXBuildFile; fileRef = D4426102185F81D800E23699 /* main.m */; };
		D4426107185F81D800E23699 /* AppDelegate.m in Sources */ = {isa = PBXBuildFile; fileRef = D4426106185F81D800E23699 /* AppDelegate.m */; };
		D442610A185F81D800E23699 /* Main_iPhone.storyboard in Resources */ = {isa = PBXBuildFile; fileRef = D4426108185F81D800E23699 /* Main_iPhone.storyboard */; };
		D4426110185F81D800E23699 /* ViewController.m in Sources */ = {isa = PBXBuildFile; fileRef = D442610F185F81D800E23699 /* ViewController.m */; };
		D4426112185F81D800E23699 /* Images.xcassets in Resources */ = {isa = PBXBuildFile; fileRef = D4426111185F81D800E23699 /* Images.xcassets */; };
		D442611A185F81D800E23699 /* Foundation.framework in Frameworks */ = {isa = PBXBuildFile; fileRef = D44260F6185F81D800E23699 /* Foundation.framework */; };
		D4426123185F81D800E23699 /* InfoPlist.strings in Resources */ = {isa = PBXBuildFile; fileRef = D4426121185F81D800E23699 /* InfoPlist.strings */; };
		D4426125185F81D800E23699 /* Hello_WorldTests.m in Sources */ = {isa = PBXBuildFile; fileRef = D4426124185F81D800E23699 /* Hello_WorldTests.m */; };
		DDEE619DB6EB3E3FA8E22B42 /* libPods-Hello-WorldTests.a in Frameworks */ = {isa = PBXBuildFile; fileRef = DBBEA4A061D6F4C3D53417EF /* libPods-Hello-WorldTests.a */; };
/* End PBXBuildFile section */

/* Begin PBXContainerItemProxy section */
		D442611C185F81D800E23699 /* PBXContainerItemProxy */ = {
			isa = PBXContainerItemProxy;
			containerPortal = D44260EB185F81D800E23699 /* Project object */;
			proxyType = 1;
			remoteGlobalIDString = D44260F2185F81D800E23699;
			remoteInfo = "Hello-World";
		};
/* End PBXContainerItemProxy section */

/* Begin PBXFileReference section */
		12CF7B25132583C1AF3F1F64 /* Pods-Hello-WorldTests.release.xcconfig */ = {isa = PBXFileReference; includeInIndex = 1; lastKnownFileType = text.xcconfig; name = "Pods-Hello-WorldTests.release.xcconfig"; path = "Target Support Files/Pods-Hello-WorldTests/Pods-Hello-WorldTests.release.xcconfig"; sourceTree = "<group>"; };
		179E2D0E3114A2FD89D486AB /* libPods-Hello-World.a */ = {isa = PBXFileReference; explicitFileType = archive.ar; includeInIndex = 0; path = "libPods-Hello-World.a"; sourceTree = BUILT_PRODUCTS_DIR; };
		29B7D881C8D9CDFC6EC3469B /* Pods-Hello-WorldTests.debug.xcconfig */ = {isa = PBXFileReference; includeInIndex = 1; lastKnownFileType = text.xcconfig; name = "Pods-Hello-WorldTests.debug.xcconfig"; path = "Target Support Files/Pods-Hello-WorldTests/Pods-Hello-WorldTests.debug.xcconfig"; sourceTree = "<group>"; };
		4FC37D324F86A564FB191D62 /* Pods-Hello-World.release.xcconfig */ = {isa = PBXFileReference; includeInIndex = 1; lastKnownFileType = text.xcconfig; name = "Pods-Hello-World.release.xcconfig"; path = "Target Support Files/Pods-Hello-World/Pods-Hello-World.release.xcconfig"; sourceTree = "<group>"; };
		9E824D3035C923D48AE8CFB6 /* Pods-Hello-World.debug.xcconfig */ = {isa = PBXFileReference; includeInIndex = 1; lastKnownFileType = text.xcconfig; name = "Pods-Hello-World.debug.xcconfig"; path = "Target Support Files/Pods-Hello-World/Pods-Hello-World.debug.xcconfig"; sourceTree = "<group>"; };
		A5D6F7B21B0FF02800CE1972 /* OTNetworkTest.h */ = {isa = PBXFileReference; fileEncoding = 4; lastKnownFileType = sourcecode.c.h; path = OTNetworkTest.h; sourceTree = "<group>"; };
		A5D6F7B31B0FF02800CE1972 /* OTNetworkTest.m */ = {isa = PBXFileReference; fileEncoding = 4; lastKnownFileType = sourcecode.c.objc; path = OTNetworkTest.m; sourceTree = "<group>"; };
		D44260F3185F81D800E23699 /* Hello-World.app */ = {isa = PBXFileReference; explicitFileType = wrapper.application; includeInIndex = 0; path = "Hello-World.app"; sourceTree = BUILT_PRODUCTS_DIR; };
		D44260F6185F81D800E23699 /* Foundation.framework */ = {isa = PBXFileReference; lastKnownFileType = wrapper.framework; name = Foundation.framework; path = System/Library/Frameworks/Foundation.framework; sourceTree = SDKROOT; };
		D44260FE185F81D800E23699 /* Hello-World-Info.plist */ = {isa = PBXFileReference; lastKnownFileType = text.plist.xml; path = "Hello-World-Info.plist"; sourceTree = "<group>"; };
		D4426100185F81D800E23699 /* en */ = {isa = PBXFileReference; lastKnownFileType = text.plist.strings; name = en; path = en.lproj/InfoPlist.strings; sourceTree = "<group>"; };
		D4426102185F81D800E23699 /* main.m */ = {isa = PBXFileReference; lastKnownFileType = sourcecode.c.objc; path = main.m; sourceTree = "<group>"; };
		D4426104185F81D800E23699 /* Hello-World-Prefix.pch */ = {isa = PBXFileReference; lastKnownFileType = sourcecode.c.h; path = "Hello-World-Prefix.pch"; sourceTree = "<group>"; };
		D4426105185F81D800E23699 /* AppDelegate.h */ = {isa = PBXFileReference; lastKnownFileType = sourcecode.c.h; path = AppDelegate.h; sourceTree = "<group>"; };
		D4426106185F81D800E23699 /* AppDelegate.m */ = {isa = PBXFileReference; lastKnownFileType = sourcecode.c.objc; path = AppDelegate.m; sourceTree = "<group>"; };
		D4426109185F81D800E23699 /* Base */ = {isa = PBXFileReference; lastKnownFileType = file.storyboard; name = Base; path = Base.lproj/Main_iPhone.storyboard; sourceTree = "<group>"; };
		D442610E185F81D800E23699 /* ViewController.h */ = {isa = PBXFileReference; lastKnownFileType = sourcecode.c.h; path = ViewController.h; sourceTree = "<group>"; };
		D442610F185F81D800E23699 /* ViewController.m */ = {isa = PBXFileReference; lastKnownFileType = sourcecode.c.objc; path = ViewController.m; sourceTree = "<group>"; };
		D4426111185F81D800E23699 /* Images.xcassets */ = {isa = PBXFileReference; lastKnownFileType = folder.assetcatalog; path = Images.xcassets; sourceTree = "<group>"; };
		D4426117185F81D800E23699 /* Hello-WorldTests.xctest */ = {isa = PBXFileReference; explicitFileType = wrapper.cfbundle; includeInIndex = 0; path = "Hello-WorldTests.xctest"; sourceTree = BUILT_PRODUCTS_DIR; };
		D4426120185F81D800E23699 /* Hello-WorldTests-Info.plist */ = {isa = PBXFileReference; lastKnownFileType = text.plist.xml; path = "Hello-WorldTests-Info.plist"; sourceTree = "<group>"; };
		D4426122185F81D800E23699 /* en */ = {isa = PBXFileReference; lastKnownFileType = text.plist.strings; name = en; path = en.lproj/InfoPlist.strings; sourceTree = "<group>"; };
		D4426124185F81D800E23699 /* Hello_WorldTests.m */ = {isa = PBXFileReference; lastKnownFileType = sourcecode.c.objc; path = Hello_WorldTests.m; sourceTree = "<group>"; };
		DBBEA4A061D6F4C3D53417EF /* libPods-Hello-WorldTests.a */ = {isa = PBXFileReference; explicitFileType = archive.ar; includeInIndex = 0; path = "libPods-Hello-WorldTests.a"; sourceTree = BUILT_PRODUCTS_DIR; };
/* End PBXFileReference section */

/* Begin PBXFrameworksBuildPhase section */
		D44260F0185F81D800E23699 /* Frameworks */ = {
			isa = PBXFrameworksBuildPhase;
			buildActionMask = 2147483647;
			files = (
				D44260F7185F81D800E23699 /* Foundation.framework in Frameworks */,
				A3E225EBC6E4542D5EBA45E6 /* libPods-Hello-World.a in Frameworks */,
			);
			runOnlyForDeploymentPostprocessing = 0;
		};
		D4426114185F81D800E23699 /* Frameworks */ = {
			isa = PBXFrameworksBuildPhase;
			buildActionMask = 2147483647;
			files = (
				D442611A185F81D800E23699 /* Foundation.framework in Frameworks */,
				DDEE619DB6EB3E3FA8E22B42 /* libPods-Hello-WorldTests.a in Frameworks */,
			);
			runOnlyForDeploymentPostprocessing = 0;
		};
/* End PBXFrameworksBuildPhase section */

/* Begin PBXGroup section */
		B57A4A910AA95716FC6216F2 /* Pods */ = {
			isa = PBXGroup;
			children = (
				9E824D3035C923D48AE8CFB6 /* Pods-Hello-World.debug.xcconfig */,
				4FC37D324F86A564FB191D62 /* Pods-Hello-World.release.xcconfig */,
				29B7D881C8D9CDFC6EC3469B /* Pods-Hello-WorldTests.debug.xcconfig */,
				12CF7B25132583C1AF3F1F64 /* Pods-Hello-WorldTests.release.xcconfig */,
			);
			path = Pods;
			sourceTree = "<group>";
		};
		D44260EA185F81D800E23699 = {
			isa = PBXGroup;
			children = (
				D44260FC185F81D800E23699 /* Hello-World */,
				D442611E185F81D800E23699 /* Hello-WorldTests */,
				D44260F5185F81D800E23699 /* Frameworks */,
				D44260F4185F81D800E23699 /* Products */,
				B57A4A910AA95716FC6216F2 /* Pods */,
			);
			sourceTree = "<group>";
		};
		D44260F4185F81D800E23699 /* Products */ = {
			isa = PBXGroup;
			children = (
				D44260F3185F81D800E23699 /* Hello-World.app */,
				D4426117185F81D800E23699 /* Hello-WorldTests.xctest */,
			);
			name = Products;
			sourceTree = "<group>";
		};
		D44260F5185F81D800E23699 /* Frameworks */ = {
			isa = PBXGroup;
			children = (
				D44260F6185F81D800E23699 /* Foundation.framework */,
				179E2D0E3114A2FD89D486AB /* libPods-Hello-World.a */,
				DBBEA4A061D6F4C3D53417EF /* libPods-Hello-WorldTests.a */,
			);
			name = Frameworks;
			sourceTree = "<group>";
		};
		D44260FC185F81D800E23699 /* Hello-World */ = {
			isa = PBXGroup;
			children = (
				A5D6F7B21B0FF02800CE1972 /* OTNetworkTest.h */,
				A5D6F7B31B0FF02800CE1972 /* OTNetworkTest.m */,
				D4426105185F81D800E23699 /* AppDelegate.h */,
				D4426106185F81D800E23699 /* AppDelegate.m */,
				D4426108185F81D800E23699 /* Main_iPhone.storyboard */,
				D442610E185F81D800E23699 /* ViewController.h */,
				D442610F185F81D800E23699 /* ViewController.m */,
				D4426111185F81D800E23699 /* Images.xcassets */,
				D44260FD185F81D800E23699 /* Supporting Files */,
			);
			path = "Hello-World";
			sourceTree = "<group>";
		};
		D44260FD185F81D800E23699 /* Supporting Files */ = {
			isa = PBXGroup;
			children = (
				D44260FE185F81D800E23699 /* Hello-World-Info.plist */,
				D44260FF185F81D800E23699 /* InfoPlist.strings */,
				D4426102185F81D800E23699 /* main.m */,
				D4426104185F81D800E23699 /* Hello-World-Prefix.pch */,
			);
			name = "Supporting Files";
			sourceTree = "<group>";
		};
		D442611E185F81D800E23699 /* Hello-WorldTests */ = {
			isa = PBXGroup;
			children = (
				D4426124185F81D800E23699 /* Hello_WorldTests.m */,
				D442611F185F81D800E23699 /* Supporting Files */,
			);
			path = "Hello-WorldTests";
			sourceTree = "<group>";
		};
		D442611F185F81D800E23699 /* Supporting Files */ = {
			isa = PBXGroup;
			children = (
				D4426120185F81D800E23699 /* Hello-WorldTests-Info.plist */,
				D4426121185F81D800E23699 /* InfoPlist.strings */,
			);
			name = "Supporting Files";
			sourceTree = "<group>";
		};
/* End PBXGroup section */

/* Begin PBXNativeTarget section */
		D44260F2185F81D800E23699 /* Hello-World */ = {
			isa = PBXNativeTarget;
			buildConfigurationList = D4426128185F81D800E23699 /* Build configuration list for PBXNativeTarget "Hello-World" */;
			buildPhases = (
				B24C89FEF8C43477C9D9DC7E /* [CP] Check Pods Manifest.lock */,
				D44260EF185F81D800E23699 /* Sources */,
				D44260F0185F81D800E23699 /* Frameworks */,
				D44260F1185F81D800E23699 /* Resources */,
			);
			buildRules = (
			);
			dependencies = (
			);
			name = "Hello-World";
			productName = "Hello-World";
			productReference = D44260F3185F81D800E23699 /* Hello-World.app */;
			productType = "com.apple.product-type.application";
		};
		D4426116185F81D800E23699 /* Hello-WorldTests */ = {
			isa = PBXNativeTarget;
			buildConfigurationList = D442612B185F81D800E23699 /* Build configuration list for PBXNativeTarget "Hello-WorldTests" */;
			buildPhases = (
				426230CC222510D4A1476FCA /* [CP] Check Pods Manifest.lock */,
				D4426113185F81D800E23699 /* Sources */,
				D4426114185F81D800E23699 /* Frameworks */,
				D4426115185F81D800E23699 /* Resources */,
			);
			buildRules = (
			);
			dependencies = (
				D442611D185F81D800E23699 /* PBXTargetDependency */,
			);
			name = "Hello-WorldTests";
			productName = "Hello-WorldTests";
			productReference = D4426117185F81D800E23699 /* Hello-WorldTests.xctest */;
			productType = "com.apple.product-type.bundle.unit-test";
		};
/* End PBXNativeTarget section */

/* Begin PBXProject section */
		D44260EB185F81D800E23699 /* Project object */ = {
			isa = PBXProject;
			attributes = {
				LastUpgradeCheck = 0930;
				ORGANIZATIONNAME = "TokBox, Inc.";
				TargetAttributes = {
					D4426116185F81D800E23699 = {
						TestTargetID = D44260F2185F81D800E23699;
					};
				};
			};
			buildConfigurationList = D44260EE185F81D800E23699 /* Build configuration list for PBXProject "Hello-World" */;
			compatibilityVersion = "Xcode 3.2";
			developmentRegion = English;
			hasScannedForEncodings = 0;
			knownRegions = (
				English,
				en,
				Base,
			);
			mainGroup = D44260EA185F81D800E23699;
			productRefGroup = D44260F4185F81D800E23699 /* Products */;
			projectDirPath = "";
			projectRoot = "";
			targets = (
				D44260F2185F81D800E23699 /* Hello-World */,
				D4426116185F81D800E23699 /* Hello-WorldTests */,
			);
		};
/* End PBXProject section */

/* Begin PBXResourcesBuildPhase section */
		D44260F1185F81D800E23699 /* Resources */ = {
			isa = PBXResourcesBuildPhase;
			buildActionMask = 2147483647;
			files = (
				D4426112185F81D800E23699 /* Images.xcassets in Resources */,
				D442610A185F81D800E23699 /* Main_iPhone.storyboard in Resources */,
				D4426101185F81D800E23699 /* InfoPlist.strings in Resources */,
			);
			runOnlyForDeploymentPostprocessing = 0;
		};
		D4426115185F81D800E23699 /* Resources */ = {
			isa = PBXResourcesBuildPhase;
			buildActionMask = 2147483647;
			files = (
				D4426123185F81D800E23699 /* InfoPlist.strings in Resources */,
			);
			runOnlyForDeploymentPostprocessing = 0;
		};
/* End PBXResourcesBuildPhase section */

/* Begin PBXShellScriptBuildPhase section */
		426230CC222510D4A1476FCA /* [CP] Check Pods Manifest.lock */ = {
			isa = PBXShellScriptBuildPhase;
			buildActionMask = 2147483647;
			files = (
			);
			inputFileListPaths = (
			);
			inputPaths = (
				"${PODS_PODFILE_DIR_PATH}/Podfile.lock",
				"${PODS_ROOT}/Manifest.lock",
			);
			name = "[CP] Check Pods Manifest.lock";
			outputFileListPaths = (
			);
			outputPaths = (
				"$(DERIVED_FILE_DIR)/Pods-Hello-WorldTests-checkManifestLockResult.txt",
			);
			runOnlyForDeploymentPostprocessing = 0;
			shellPath = /bin/sh;
			shellScript = "diff \"${PODS_PODFILE_DIR_PATH}/Podfile.lock\" \"${PODS_ROOT}/Manifest.lock\" > /dev/null\nif [ $? != 0 ] ; then\n    # print error to STDERR\n    echo \"error: The sandbox is not in sync with the Podfile.lock. Run 'pod install' or update your CocoaPods installation.\" >&2\n    exit 1\nfi\n# This output is used by Xcode 'outputs' to avoid re-running this script phase.\necho \"SUCCESS\" > \"${SCRIPT_OUTPUT_FILE_0}\"\n";
			showEnvVarsInLog = 0;
		};
		B24C89FEF8C43477C9D9DC7E /* [CP] Check Pods Manifest.lock */ = {
			isa = PBXShellScriptBuildPhase;
			buildActionMask = 2147483647;
			files = (
			);
			inputFileListPaths = (
			);
			inputPaths = (
				"${PODS_PODFILE_DIR_PATH}/Podfile.lock",
				"${PODS_ROOT}/Manifest.lock",
			);
			name = "[CP] Check Pods Manifest.lock";
			outputFileListPaths = (
			);
			outputPaths = (
				"$(DERIVED_FILE_DIR)/Pods-Hello-World-checkManifestLockResult.txt",
			);
			runOnlyForDeploymentPostprocessing = 0;
			shellPath = /bin/sh;
			shellScript = "diff \"${PODS_PODFILE_DIR_PATH}/Podfile.lock\" \"${PODS_ROOT}/Manifest.lock\" > /dev/null\nif [ $? != 0 ] ; then\n    # print error to STDERR\n    echo \"error: The sandbox is not in sync with the Podfile.lock. Run 'pod install' or update your CocoaPods installation.\" >&2\n    exit 1\nfi\n# This output is used by Xcode 'outputs' to avoid re-running this script phase.\necho \"SUCCESS\" > \"${SCRIPT_OUTPUT_FILE_0}\"\n";
			showEnvVarsInLog = 0;
		};
/* End PBXShellScriptBuildPhase section */

/* Begin PBXSourcesBuildPhase section */
		D44260EF185F81D800E23699 /* Sources */ = {
			isa = PBXSourcesBuildPhase;
			buildActionMask = 2147483647;
			files = (
				D4426110185F81D800E23699 /* ViewController.m in Sources */,
				D4426107185F81D800E23699 /* AppDelegate.m in Sources */,
				D4426103185F81D800E23699 /* main.m in Sources */,
				A5D6F7B41B0FF02800CE1972 /* OTNetworkTest.m in Sources */,
			);
			runOnlyForDeploymentPostprocessing = 0;
		};
		D4426113185F81D800E23699 /* Sources */ = {
			isa = PBXSourcesBuildPhase;
			buildActionMask = 2147483647;
			files = (
				D4426125185F81D800E23699 /* Hello_WorldTests.m in Sources */,
			);
			runOnlyForDeploymentPostprocessing = 0;
		};
/* End PBXSourcesBuildPhase section */

/* Begin PBXTargetDependency section */
		D442611D185F81D800E23699 /* PBXTargetDependency */ = {
			isa = PBXTargetDependency;
			target = D44260F2185F81D800E23699 /* Hello-World */;
			targetProxy = D442611C185F81D800E23699 /* PBXContainerItemProxy */;
		};
/* End PBXTargetDependency section */

/* Begin PBXVariantGroup section */
		D44260FF185F81D800E23699 /* InfoPlist.strings */ = {
			isa = PBXVariantGroup;
			children = (
				D4426100185F81D800E23699 /* en */,
			);
			name = InfoPlist.strings;
			sourceTree = "<group>";
		};
		D4426108185F81D800E23699 /* Main_iPhone.storyboard */ = {
			isa = PBXVariantGroup;
			children = (
				D4426109185F81D800E23699 /* Base */,
			);
			name = Main_iPhone.storyboard;
			sourceTree = "<group>";
		};
		D4426121185F81D800E23699 /* InfoPlist.strings */ = {
			isa = PBXVariantGroup;
			children = (
				D4426122185F81D800E23699 /* en */,
			);
			name = InfoPlist.strings;
			sourceTree = "<group>";
		};
/* End PBXVariantGroup section */

/* Begin XCBuildConfiguration section */
		D4426126185F81D800E23699 /* Debug */ = {
			isa = XCBuildConfiguration;
			buildSettings = {
				ALWAYS_SEARCH_USER_PATHS = NO;
				CLANG_ENABLE_MODULES = YES;
				CLANG_ENABLE_OBJC_ARC = YES;
				CLANG_WARN_BLOCK_CAPTURE_AUTORELEASING = YES;
				CLANG_WARN_BOOL_CONVERSION = YES;
				CLANG_WARN_COMMA = YES;
				CLANG_WARN_CONSTANT_CONVERSION = YES;
				CLANG_WARN_DEPRECATED_OBJC_IMPLEMENTATIONS = YES;
				CLANG_WARN_DIRECT_OBJC_ISA_USAGE = YES_ERROR;
				CLANG_WARN_EMPTY_BODY = YES;
				CLANG_WARN_ENUM_CONVERSION = YES;
				CLANG_WARN_INFINITE_RECURSION = YES;
				CLANG_WARN_INT_CONVERSION = YES;
				CLANG_WARN_NON_LITERAL_NULL_CONVERSION = YES;
				CLANG_WARN_OBJC_IMPLICIT_RETAIN_SELF = YES;
				CLANG_WARN_OBJC_LITERAL_CONVERSION = YES;
				CLANG_WARN_OBJC_ROOT_CLASS = YES_ERROR;
				CLANG_WARN_RANGE_LOOP_ANALYSIS = YES;
				CLANG_WARN_STRICT_PROTOTYPES = YES;
				CLANG_WARN_SUSPICIOUS_MOVE = YES;
				CLANG_WARN_UNREACHABLE_CODE = YES;
				CLANG_WARN__DUPLICATE_METHOD_MATCH = YES;
				"CODE_SIGN_IDENTITY[sdk=iphoneos*]" = "iPhone Developer";
				COPY_PHASE_STRIP = NO;
				ENABLE_STRICT_OBJC_MSGSEND = YES;
				ENABLE_TESTABILITY = YES;
				GCC_C_LANGUAGE_STANDARD = gnu99;
				GCC_DYNAMIC_NO_PIC = NO;
				GCC_NO_COMMON_BLOCKS = YES;
				GCC_OPTIMIZATION_LEVEL = 0;
				GCC_PREPROCESSOR_DEFINITIONS = (
					"DEBUG=1",
					"$(inherited)",
				);
				GCC_SYMBOLS_PRIVATE_EXTERN = NO;
				GCC_WARN_64_TO_32_BIT_CONVERSION = YES;
				GCC_WARN_ABOUT_RETURN_TYPE = YES_ERROR;
				GCC_WARN_UNDECLARED_SELECTOR = YES;
				GCC_WARN_UNINITIALIZED_AUTOS = YES;
				GCC_WARN_UNUSED_FUNCTION = YES;
				GCC_WARN_UNUSED_VARIABLE = YES;
				ONLY_ACTIVE_ARCH = YES;
				OTHER_LDFLAGS = "-ObjC";
				SDKROOT = iphoneos;
				TARGETED_DEVICE_FAMILY = "1,2";
			};
			name = Debug;
		};
		D4426127185F81D800E23699 /* Release */ = {
			isa = XCBuildConfiguration;
			buildSettings = {
				ALWAYS_SEARCH_USER_PATHS = NO;
				CLANG_ENABLE_MODULES = YES;
				CLANG_ENABLE_OBJC_ARC = YES;
				CLANG_WARN_BLOCK_CAPTURE_AUTORELEASING = YES;
				CLANG_WARN_BOOL_CONVERSION = YES;
				CLANG_WARN_COMMA = YES;
				CLANG_WARN_CONSTANT_CONVERSION = YES;
				CLANG_WARN_DEPRECATED_OBJC_IMPLEMENTATIONS = YES;
				CLANG_WARN_DIRECT_OBJC_ISA_USAGE = YES_ERROR;
				CLANG_WARN_EMPTY_BODY = YES;
				CLANG_WARN_ENUM_CONVERSION = YES;
				CLANG_WARN_INFINITE_RECURSION = YES;
				CLANG_WARN_INT_CONVERSION = YES;
				CLANG_WARN_NON_LITERAL_NULL_CONVERSION = YES;
				CLANG_WARN_OBJC_IMPLICIT_RETAIN_SELF = YES;
				CLANG_WARN_OBJC_LITERAL_CONVERSION = YES;
				CLANG_WARN_OBJC_ROOT_CLASS = YES_ERROR;
				CLANG_WARN_RANGE_LOOP_ANALYSIS = YES;
				CLANG_WARN_STRICT_PROTOTYPES = YES;
				CLANG_WARN_SUSPICIOUS_MOVE = YES;
				CLANG_WARN_UNREACHABLE_CODE = YES;
				CLANG_WARN__DUPLICATE_METHOD_MATCH = YES;
				"CODE_SIGN_IDENTITY[sdk=iphoneos*]" = "iPhone Developer";
				COPY_PHASE_STRIP = YES;
				ENABLE_NS_ASSERTIONS = NO;
				ENABLE_STRICT_OBJC_MSGSEND = YES;
				GCC_C_LANGUAGE_STANDARD = gnu99;
				GCC_NO_COMMON_BLOCKS = YES;
				GCC_WARN_64_TO_32_BIT_CONVERSION = YES;
				GCC_WARN_ABOUT_RETURN_TYPE = YES_ERROR;
				GCC_WARN_UNDECLARED_SELECTOR = YES;
				GCC_WARN_UNINITIALIZED_AUTOS = YES;
				GCC_WARN_UNUSED_FUNCTION = YES;
				GCC_WARN_UNUSED_VARIABLE = YES;
				OTHER_LDFLAGS = "-ObjC";
				SDKROOT = iphoneos;
				TARGETED_DEVICE_FAMILY = "1,2";
				VALIDATE_PRODUCT = YES;
			};
			name = Release;
		};
		D4426129185F81D800E23699 /* Debug */ = {
			isa = XCBuildConfiguration;
			baseConfigurationReference = 9E824D3035C923D48AE8CFB6 /* Pods-Hello-World.debug.xcconfig */;
			buildSettings = {
				ASSETCATALOG_COMPILER_APPICON_NAME = AppIcon;
				ASSETCATALOG_COMPILER_LAUNCHIMAGE_NAME = LaunchImage;
				CODE_SIGN_IDENTITY = "iPhone Developer";
				"CODE_SIGN_IDENTITY[sdk=iphoneos*]" = "iPhone Developer";
				DEVELOPMENT_TEAM = "";
				ENABLE_BITCODE = NO;
				FRAMEWORK_SEARCH_PATHS = (
					"$(inherited)",
					"${SRCROOT}",
				);
				GCC_PRECOMPILE_PREFIX_HEADER = YES;
				GCC_PREFIX_HEADER = "Hello-World/Hello-World-Prefix.pch";
				INFOPLIST_FILE = "Hello-World/Hello-World-Info.plist";
				IPHONEOS_DEPLOYMENT_TARGET = 9.0;
				PRODUCT_BUNDLE_IDENTIFIER = "com.tokbox.Hello-World";
				PRODUCT_NAME = "$(TARGET_NAME)";
				PROVISIONING_PROFILE = "";
				TARGETED_DEVICE_FAMILY = 1;
				WRAPPER_EXTENSION = app;
			};
			name = Debug;
		};
		D442612A185F81D800E23699 /* Release */ = {
			isa = XCBuildConfiguration;
			baseConfigurationReference = 4FC37D324F86A564FB191D62 /* Pods-Hello-World.release.xcconfig */;
			buildSettings = {
				ASSETCATALOG_COMPILER_APPICON_NAME = AppIcon;
				ASSETCATALOG_COMPILER_LAUNCHIMAGE_NAME = LaunchImage;
				CODE_SIGN_IDENTITY = "iPhone Developer";
				"CODE_SIGN_IDENTITY[sdk=iphoneos*]" = "iPhone Developer";
				DEVELOPMENT_TEAM = "";
				ENABLE_BITCODE = NO;
				FRAMEWORK_SEARCH_PATHS = (
					"$(inherited)",
					"${SRCROOT}",
				);
				GCC_PRECOMPILE_PREFIX_HEADER = YES;
				GCC_PREFIX_HEADER = "Hello-World/Hello-World-Prefix.pch";
				INFOPLIST_FILE = "Hello-World/Hello-World-Info.plist";
				IPHONEOS_DEPLOYMENT_TARGET = 9.0;
				ONLY_ACTIVE_ARCH = NO;
				PRODUCT_BUNDLE_IDENTIFIER = "com.tokbox.Hello-World";
				PRODUCT_NAME = "$(TARGET_NAME)";
				PROVISIONING_PROFILE = "";
				TARGETED_DEVICE_FAMILY = 1;
				WRAPPER_EXTENSION = app;
			};
			name = Release;
		};
		D442612C185F81D800E23699 /* Debug */ = {
			isa = XCBuildConfiguration;
			baseConfigurationReference = 29B7D881C8D9CDFC6EC3469B /* Pods-Hello-WorldTests.debug.xcconfig */;
			buildSettings = {
				BUNDLE_LOADER = "$(BUILT_PRODUCTS_DIR)/Hello-World.app/Hello-World";
				FRAMEWORK_SEARCH_PATHS = (
					"$(SDKROOT)/Developer/Library/Frameworks",
					"$(inherited)",
					"$(DEVELOPER_FRAMEWORKS_DIR)",
				);
				GCC_PRECOMPILE_PREFIX_HEADER = YES;
				GCC_PREFIX_HEADER = "Hello-World/Hello-World-Prefix.pch";
				GCC_PREPROCESSOR_DEFINITIONS = (
					"DEBUG=1",
					"$(inherited)",
				);
				INFOPLIST_FILE = "Hello-WorldTests/Hello-WorldTests-Info.plist";
				IPHONEOS_DEPLOYMENT_TARGET = 8.2;
				PRODUCT_BUNDLE_IDENTIFIER = "com.tokbox.${PRODUCT_NAME:rfc1034identifier}";
				PRODUCT_NAME = "$(TARGET_NAME)";
				TEST_HOST = "$(BUNDLE_LOADER)";
				VALID_ARCHS = "armv7 armv7s";
				WRAPPER_EXTENSION = xctest;
			};
			name = Debug;
		};
		D442612D185F81D800E23699 /* Release */ = {
			isa = XCBuildConfiguration;
			baseConfigurationReference = 12CF7B25132583C1AF3F1F64 /* Pods-Hello-WorldTests.release.xcconfig */;
			buildSettings = {
				BUNDLE_LOADER = "$(BUILT_PRODUCTS_DIR)/Hello-World.app/Hello-World";
				FRAMEWORK_SEARCH_PATHS = (
					"$(SDKROOT)/Developer/Library/Frameworks",
					"$(inherited)",
					"$(DEVELOPER_FRAMEWORKS_DIR)",
				);
				GCC_PRECOMPILE_PREFIX_HEADER = YES;
				GCC_PREFIX_HEADER = "Hello-World/Hello-World-Prefix.pch";
				INFOPLIST_FILE = "Hello-WorldTests/Hello-WorldTests-Info.plist";
				IPHONEOS_DEPLOYMENT_TARGET = 8.2;
				PRODUCT_BUNDLE_IDENTIFIER = "com.tokbox.${PRODUCT_NAME:rfc1034identifier}";
				PRODUCT_NAME = "$(TARGET_NAME)";
				TEST_HOST = "$(BUNDLE_LOADER)";
				VALID_ARCHS = "armv7 armv7s";
				WRAPPER_EXTENSION = xctest;
			};
			name = Release;
		};
/* End XCBuildConfiguration section */

/* Begin XCConfigurationList section */
		D44260EE185F81D800E23699 /* Build configuration list for PBXProject "Hello-World" */ = {
			isa = XCConfigurationList;
			buildConfigurations = (
				D4426126185F81D800E23699 /* Debug */,
				D4426127185F81D800E23699 /* Release */,
			);
			defaultConfigurationIsVisible = 0;
			defaultConfigurationName = Release;
		};
		D4426128185F81D800E23699 /* Build configuration list for PBXNativeTarget "Hello-World" */ = {
			isa = XCConfigurationList;
			buildConfigurations = (
				D4426129185F81D800E23699 /* Debug */,
				D442612A185F81D800E23699 /* Release */,
			);
			defaultConfigurationIsVisible = 0;
			defaultConfigurationName = Release;
		};
		D442612B185F81D800E23699 /* Build configuration list for PBXNativeTarget "Hello-WorldTests" */ = {
			isa = XCConfigurationList;
			buildConfigurations = (
				D442612C185F81D800E23699 /* Debug */,
				D442612D185F81D800E23699 /* Release */,
			);
			defaultConfigurationIsVisible = 0;
			defaultConfigurationName = Release;
		};
/* End XCConfigurationList section */
	};
	rootObject = D44260EB185F81D800E23699 /* Project object */;
}
